// !$*UTF8*$!
{
	archiveVersion = 1;
	classes = {
	};
	objectVersion = 50;
	objects = {

/* Begin PBXBuildFile section */
		02CFC862214F3A24009A0FEB /* AppDelegate.swift in Sources */ = {isa = PBXBuildFile; fileRef = 02CFC861214F3A24009A0FEB /* AppDelegate.swift */; };
		02CFC864214F3A24009A0FEB /* art.scnassets in Resources */ = {isa = PBXBuildFile; fileRef = 02CFC863214F3A24009A0FEB /* art.scnassets */; };
		02CFC866214F3A24009A0FEB /* ViewController.swift in Sources */ = {isa = PBXBuildFile; fileRef = 02CFC865214F3A24009A0FEB /* ViewController.swift */; };
		02CFC869214F3A24009A0FEB /* Main.storyboard in Resources */ = {isa = PBXBuildFile; fileRef = 02CFC867214F3A24009A0FEB /* Main.storyboard */; };
		02CFC86B214F3A28009A0FEB /* Assets.xcassets in Resources */ = {isa = PBXBuildFile; fileRef = 02CFC86A214F3A28009A0FEB /* Assets.xcassets */; };
		02CFC86E214F3A28009A0FEB /* LaunchScreen.storyboard in Resources */ = {isa = PBXBuildFile; fileRef = 02CFC86C214F3A28009A0FEB /* LaunchScreen.storyboard */; };
/* End PBXBuildFile section */

/* Begin PBXFileReference section */
		02CFC85E214F3A24009A0FEB /* AR Rulerino.app */ = {isa = PBXFileReference; explicitFileType = wrapper.application; includeInIndex = 0; path = "AR Rulerino.app"; sourceTree = BUILT_PRODUCTS_DIR; };
		02CFC861214F3A24009A0FEB /* AppDelegate.swift */ = {isa = PBXFileReference; lastKnownFileType = sourcecode.swift; path = AppDelegate.swift; sourceTree = "<group>"; };
		02CFC863214F3A24009A0FEB /* art.scnassets */ = {isa = PBXFileReference; lastKnownFileType = wrapper.scnassets; path = art.scnassets; sourceTree = "<group>"; };
		02CFC865214F3A24009A0FEB /* ViewController.swift */ = {isa = PBXFileReference; lastKnownFileType = sourcecode.swift; path = ViewController.swift; sourceTree = "<group>"; };
		02CFC868214F3A24009A0FEB /* Base */ = {isa = PBXFileReference; lastKnownFileType = file.storyboard; name = Base; path = Base.lproj/Main.storyboard; sourceTree = "<group>"; };
		02CFC86A214F3A28009A0FEB /* Assets.xcassets */ = {isa = PBXFileReference; lastKnownFileType = folder.assetcatalog; path = Assets.xcassets; sourceTree = "<group>"; };
		02CFC86D214F3A28009A0FEB /* Base */ = {isa = PBXFileReference; lastKnownFileType = file.storyboard; name = Base; path = Base.lproj/LaunchScreen.storyboard; sourceTree = "<group>"; };
		02CFC86F214F3A28009A0FEB /* Info.plist */ = {isa = PBXFileReference; lastKnownFileType = text.plist.xml; path = Info.plist; sourceTree = "<group>"; };
/* End PBXFileReference section */

/* Begin PBXFrameworksBuildPhase section */
		02CFC85B214F3A24009A0FEB /* Frameworks */ = {
			isa = PBXFrameworksBuildPhase;
			buildActionMask = 2147483647;
			files = (
			);
			runOnlyForDeploymentPostprocessing = 0;
		};
/* End PBXFrameworksBuildPhase section */

/* Begin PBXGroup section */
		02CFC855214F3A24009A0FEB = {
			isa = PBXGroup;
			children = (
				02CFC860214F3A24009A0FEB /* AR Rulerino */,
				02CFC85F214F3A24009A0FEB /* Products */,
			);
			sourceTree = "<group>";
		};
		02CFC85F214F3A24009A0FEB /* Products */ = {
			isa = PBXGroup;
			children = (
				02CFC85E214F3A24009A0FEB /* AR Rulerino.app */,
			);
			name = Products;
			sourceTree = "<group>";
		};
		02CFC860214F3A24009A0FEB /* AR Rulerino */ = {
			isa = PBXGroup;
			children = (
				02CFC861214F3A24009A0FEB /* AppDelegate.swift */,
				02CFC863214F3A24009A0FEB /* art.scnassets */,
				02CFC865214F3A24009A0FEB /* ViewController.swift */,
				02CFC867214F3A24009A0FEB /* Main.storyboard */,
				02CFC86A214F3A28009A0FEB /* Assets.xcassets */,
				02CFC86C214F3A28009A0FEB /* LaunchScreen.storyboard */,
				02CFC86F214F3A28009A0FEB /* Info.plist */,
			);
			path = "AR Rulerino";
			sourceTree = "<group>";
		};
/* End PBXGroup section */

/* Begin PBXNativeTarget section */
		02CFC85D214F3A24009A0FEB /* AR Rulerino */ = {
			isa = PBXNativeTarget;
			buildConfigurationList = 02CFC872214F3A28009A0FEB /* Build configuration list for PBXNativeTarget "AR Rulerino" */;
			buildPhases = (
				02CFC85A214F3A24009A0FEB /* Sources */,
				02CFC85B214F3A24009A0FEB /* Frameworks */,
				02CFC85C214F3A24009A0FEB /* Resources */,
			);
			buildRules = (
			);
			dependencies = (
			);
			name = "AR Rulerino";
			productName = "AR Rulerino";
			productReference = 02CFC85E214F3A24009A0FEB /* AR Rulerino.app */;
			productType = "com.apple.product-type.application";
		};
/* End PBXNativeTarget section */

/* Begin PBXProject section */
		02CFC856214F3A24009A0FEB /* Project object */ = {
			isa = PBXProject;
			attributes = {
				LastSwiftUpdateCheck = 0940;
				LastUpgradeCheck = 0940;
				ORGANIZATIONNAME = "George Dickson";
				TargetAttributes = {
					02CFC85D214F3A24009A0FEB = {
						CreatedOnToolsVersion = 9.4.1;
					};
				};
			};
			buildConfigurationList = 02CFC859214F3A24009A0FEB /* Build configuration list for PBXProject "AR Rulerino" */;
			compatibilityVersion = "Xcode 9.3";
			developmentRegion = en;
			hasScannedForEncodings = 0;
			knownRegions = (
				en,
				Base,
			);
			mainGroup = 02CFC855214F3A24009A0FEB;
			productRefGroup = 02CFC85F214F3A24009A0FEB /* Products */;
			projectDirPath = "";
			projectRoot = "";
			targets = (
				02CFC85D214F3A24009A0FEB /* AR Rulerino */,
			);
		};
/* End PBXProject section */

/* Begin PBXResourcesBuildPhase section */
		02CFC85C214F3A24009A0FEB /* Resources */ = {
			isa = PBXResourcesBuildPhase;
			buildActionMask = 2147483647;
			files = (
				02CFC864214F3A24009A0FEB /* art.scnassets in Resources */,
				02CFC86E214F3A28009A0FEB /* LaunchScreen.storyboard in Resources */,
				02CFC86B214F3A28009A0FEB /* Assets.xcassets in Resources */,
				02CFC869214F3A24009A0FEB /* Main.storyboard in Resources */,
			);
			runOnlyForDeploymentPostprocessing = 0;
		};
/* End PBXResourcesBuildPhase section */

/* Begin PBXSourcesBuildPhase section */
		02CFC85A214F3A24009A0FEB /* Sources */ = {
			isa = PBXSourcesBuildPhase;
			buildActionMask = 2147483647;
			files = (
				02CFC866214F3A24009A0FEB /* ViewController.swift in Sources */,
				02CFC862214F3A24009A0FEB /* AppDelegate.swift in Sources */,
			);
			runOnlyForDeploymentPostprocessing = 0;
		};
/* End PBXSourcesBuildPhase section */

/* Begin PBXVariantGroup section */
		02CFC867214F3A24009A0FEB /* Main.storyboard */ = {
			isa = PBXVariantGroup;
			children = (
				02CFC868214F3A24009A0FEB /* Base */,
			);
			name = Main.storyboard;
			sourceTree = "<group>";
		};
		02CFC86C214F3A28009A0FEB /* LaunchScreen.storyboard */ = {
			isa = PBXVariantGroup;
			children = (
				02CFC86D214F3A28009A0FEB /* Base */,
			);
			name = LaunchScreen.storyboard;
			sourceTree = "<group>";
		};
/* End PBXVariantGroup section */

/* Begin XCBuildConfiguration section */
		02CFC870214F3A28009A0FEB /* Debug */ = {
			isa = XCBuildConfiguration;
			buildSettings = {
				ALWAYS_SEARCH_USER_PATHS = NO;
				CLANG_ANALYZER_NONNULL = YES;
				CLANG_ANALYZER_NUMBER_OBJECT_CONVERSION = YES_AGGRESSIVE;
				CLANG_CXX_LANGUAGE_STANDARD = "gnu++14";
				CLANG_CXX_LIBRARY = "libc++";
				CLANG_ENABLE_MODULES = YES;
				CLANG_ENABLE_OBJC_ARC = YES;
				CLANG_ENABLE_OBJC_WEAK = YES;
				CLANG_WARN_BLOCK_CAPTURE_AUTORELEASING = YES;
				CLANG_WARN_BOOL_CONVERSION = YES;
				CLANG_WARN_COMMA = YES;
				CLANG_WARN_CONSTANT_CONVERSION = YES;
				CLANG_WARN_DEPRECATED_OBJC_IMPLEMENTATIONS = YES;
				CLANG_WARN_DIRECT_OBJC_ISA_USAGE = YES_ERROR;
				CLANG_WARN_DOCUMENTATION_COMMENTS = YES;
				CLANG_WARN_EMPTY_BODY = YES;
				CLANG_WARN_ENUM_CONVERSION = YES;
				CLANG_WARN_INFINITE_RECURSION = YES;
				CLANG_WARN_INT_CONVERSION = YES;
				CLANG_WARN_NON_LITERAL_NULL_CONVERSION = YES;
				CLANG_WARN_OBJC_IMPLICIT_RETAIN_SELF = YES;
				CLANG_WARN_OBJC_LITERAL_CONVERSION = YES;
				CLANG_WARN_OBJC_ROOT_CLASS = YES_ERROR;
				CLANG_WARN_RANGE_LOOP_ANALYSIS = YES;
				CLANG_WARN_STRICT_PROTOTYPES = YES;
				CLANG_WARN_SUSPICIOUS_MOVE = YES;
				CLANG_WARN_UNGUARDED_AVAILABILITY = YES_AGGRESSIVE;
				CLANG_WARN_UNREACHABLE_CODE = YES;
				CLANG_WARN__DUPLICATE_METHOD_MATCH = YES;
				CODE_SIGN_IDENTITY = "iPhone Developer";
				COPY_PHASE_STRIP = NO;
				DEBUG_INFORMATION_FORMAT = dwarf;
				ENABLE_STRICT_OBJC_MSGSEND = YES;
				ENABLE_TESTABILITY = YES;
				GCC_C_LANGUAGE_STANDARD = gnu11;
				GCC_DYNAMIC_NO_PIC = NO;
				GCC_NO_COMMON_BLOCKS = YES;
				GCC_OPTIMIZATION_LEVEL = 0;
				GCC_PREPROCESSOR_DEFINITIONS = (
					"DEBUG=1",
					"$(inherited)",
				);
				GCC_WARN_64_TO_32_BIT_CONVERSION = YES;
				GCC_WARN_ABOUT_RETURN_TYPE = YES_ERROR;
				GCC_WARN_UNDECLARED_SELECTOR = YES;
				GCC_WARN_UNINITIALIZED_AUTOS = YES_AGGRESSIVE;
				GCC_WARN_UNUSED_FUNCTION = YES;
				GCC_WARN_UNUSED_VARIABLE = YES;
				IPHONEOS_DEPLOYMENT_TARGET = 11.4;
				MTL_ENABLE_DEBUG_INFO = YES;
				ONLY_ACTIVE_ARCH = YES;
				SDKROOT = iphoneos;
				SWIFT_ACTIVE_COMPILATION_CONDITIONS = DEBUG;
				SWIFT_OPTIMIZATION_LEVEL = "-Onone";
			};
			name = Debug;
		};
		02CFC871214F3A28009A0FEB /* Release */ = {
			isa = XCBuildConfiguration;
			buildSettings = {
				ALWAYS_SEARCH_USER_PATHS = NO;
				CLANG_ANALYZER_NONNULL = YES;
				CLANG_ANALYZER_NUMBER_OBJECT_CONVERSION = YES_AGGRESSIVE;
				CLANG_CXX_LANGUAGE_STANDARD = "gnu++14";
				CLANG_CXX_LIBRARY = "libc++";
				CLANG_ENABLE_MODULES = YES;
				CLANG_ENABLE_OBJC_ARC = YES;
				CLANG_ENABLE_OBJC_WEAK = YES;
				CLANG_WARN_BLOCK_CAPTURE_AUTORELEASING = YES;
				CLANG_WARN_BOOL_CONVERSION = YES;
				CLANG_WARN_COMMA = YES;
				CLANG_WARN_CONSTANT_CONVERSION = YES;
				CLANG_WARN_DEPRECATED_OBJC_IMPLEMENTATIONS = YES;
				CLANG_WARN_DIRECT_OBJC_ISA_USAGE = YES_ERROR;
				CLANG_WARN_DOCUMENTATION_COMMENTS = YES;
				CLANG_WARN_EMPTY_BODY = YES;
				CLANG_WARN_ENUM_CONVERSION = YES;
				CLANG_WARN_INFINITE_RECURSION = YES;
				CLANG_WARN_INT_CONVERSION = YES;
				CLANG_WARN_NON_LITERAL_NULL_CONVERSION = YES;
				CLANG_WARN_OBJC_IMPLICIT_RETAIN_SELF = YES;
				CLANG_WARN_OBJC_LITERAL_CONVERSION = YES;
				CLANG_WARN_OBJC_ROOT_CLASS = YES_ERROR;
				CLANG_WARN_RANGE_LOOP_ANALYSIS = YES;
				CLANG_WARN_STRICT_PROTOTYPES = YES;
				CLANG_WARN_SUSPICIOUS_MOVE = YES;
				CLANG_WARN_UNGUARDED_AVAILABILITY = YES_AGGRESSIVE;
				CLANG_WARN_UNREACHABLE_CODE = YES;
				CLANG_WARN__DUPLICATE_METHOD_MATCH = YES;
				CODE_SIGN_IDENTITY = "iPhone Developer";
				COPY_PHASE_STRIP = NO;
				DEBUG_INFORMATION_FORMAT = "dwarf-with-dsym";
				ENABLE_NS_ASSERTIONS = NO;
				ENABLE_STRICT_OBJC_MSGSEND = YES;
				GCC_C_LANGUAGE_STANDARD = gnu11;
				GCC_NO_COMMON_BLOCKS = YES;
				GCC_WARN_64_TO_32_BIT_CONVERSION = YES;
				GCC_WARN_ABOUT_RETURN_TYPE = YES_ERROR;
				GCC_WARN_UNDECLARED_SELECTOR = YES;
				GCC_WARN_UNINITIALIZED_AUTOS = YES_AGGRESSIVE;
				GCC_WARN_UNUSED_FUNCTION = YES;
				GCC_WARN_UNUSED_VARIABLE = YES;
				IPHONEOS_DEPLOYMENT_TARGET = 11.4;
				MTL_ENABLE_DEBUG_INFO = NO;
				SDKROOT = iphoneos;
				SWIFT_COMPILATION_MODE = wholemodule;
				SWIFT_OPTIMIZATION_LEVEL = "-O";
				VALIDATE_PRODUCT = YES;
			};
			name = Release;
		};
		02CFC873214F3A28009A0FEB /* Debug */ = {
			isa = XCBuildConfiguration;
			buildSettings = {
				ASSETCATALOG_COMPILER_APPICON_NAME = AppIcon;
				CODE_SIGN_STYLE = Automatic;
				DEVELOPMENT_TEAM = P5F8H64B6J;
				INFOPLIST_FILE = "AR Rulerino/Info.plist";
				LD_RUNPATH_SEARCH_PATHS = (
					"$(inherited)",
					"@executable_path/Frameworks",
				);
				PRODUCT_BUNDLE_IDENTIFIER = "com.georgeldickson.AR-Rulerino";
				PRODUCT_NAME = "$(TARGET_NAME)";
				SWIFT_VERSION = 4.0;
				TARGETED_DEVICE_FAMILY = "1,2";
			};
			name = Debug;
		};
		02CFC874214F3A28009A0FEB /* Release */ = {
			isa = XCBuildConfiguration;
			buildSettings = {
				ASSETCATALOG_COMPILER_APPICON_NAME = AppIcon;
				CODE_SIGN_STYLE = Automatic;
				DEVELOPMENT_TEAM = P5F8H64B6J;
				INFOPLIST_FILE = "AR Rulerino/Info.plist";
				LD_RUNPATH_SEARCH_PATHS = (
					"$(inherited)",
					"@executable_path/Frameworks",
				);
				PRODUCT_BUNDLE_IDENTIFIER = "com.georgeldickson.AR-Rulerino";
				PRODUCT_NAME = "$(TARGET_NAME)";
				SWIFT_VERSION = 4.0;
				TARGETED_DEVICE_FAMILY = "1,2";
			};
			name = Release;
		};
/* End XCBuildConfiguration section */

/* Begin XCConfigurationList section */
		02CFC859214F3A24009A0FEB /* Build configuration list for PBXProject "AR Rulerino" */ = {
			isa = XCConfigurationList;
			buildConfigurations = (
				02CFC870214F3A28009A0FEB /* Debug */,
				02CFC871214F3A28009A0FEB /* Release */,
			);
			defaultConfigurationIsVisible = 0;
			defaultConfigurationName = Release;
		};
		02CFC872214F3A28009A0FEB /* Build configuration list for PBXNativeTarget "AR Rulerino" */ = {
			isa = XCConfigurationList;
			buildConfigurations = (
				02CFC873214F3A28009A0FEB /* Debug */,
				02CFC874214F3A28009A0FEB /* Release */,
			);
			defaultConfigurationIsVisible = 0;
			defaultConfigurationName = Release;
		};
/* End XCConfigurationList section */
	};
	rootObject = 02CFC856214F3A24009A0FEB /* Project object */;
}
